<?xml version="1.0" encoding="utf-8"?>
<Project ToolsVersion="4.0" xmlns="http://schemas.microsoft.com/developer/msbuild/2003">
  <ItemGroup>
    <Filter Include="Main">
      <UniqueIdentifier>{4FC737F1-C7A5-4376-A066-2A32D752A2FF}</UniqueIdentifier>
      <Extensions>cpp;c;cc;cxx;def;odl;idl;hpj;bat;asm;asmx</Extensions>
    </Filter>
    <Filter Include="Tests">
      <UniqueIdentifier>{28b313c6-e99e-44d3-8252-e1861a1b22a9}</UniqueIdentifier>
    </Filter>
    <Filter Include="Mock">
      <UniqueIdentifier>{23ca4736-f534-4bfc-9d2f-877b339b4a1c}</UniqueIdentifier>
    </Filter>
  </ItemGroup>
  <ItemGroup>
    <ClCompile Include="main.cpp">
      <Filter>Main</Filter>
    </ClCompile>
    <ClCompile Include="src\test_crosecrypt.cpp">
      <Filter>Tests</Filter>
    </ClCompile>
    <ClCompile Include="src\test_network_asio.cpp">
      <Filter>Tests</Filter>
    </ClCompile>
    <ClCompile Include="src\test_protobuf.cpp">
      <Filter>Tests</Filter>
    </ClCompile>
  </ItemGroup>
  <ItemGroup>
    <Text Include="CMakeLists.txt" />
  </ItemGroup>
  <ItemGroup>
    <ClInclude Include="mock\mock_network_asio.h">
      <Filter>Mock</Filter>
    </ClInclude>
  </ItemGroup>
</Project>