<?xml version="1.0" encoding="utf-8"?>
<Project ToolsVersion="4.0" xmlns="http://schemas.microsoft.com/developer/msbuild/2003">
  <ItemGroup>
    <Filter Include="Source Files">
      <UniqueIdentifier>{4FC737F1-C7A5-4376-A066-2A32D752A2FF}</UniqueIdentifier>
      <Extensions>cpp;c;cc;cxx;def;odl;idl;hpj;bat;asm;asmx</Extensions>
    </Filter>
    <Filter Include="Header Files">
      <UniqueIdentifier>{93995380-89BD-4b04-88EB-625FBE52EBFB}</UniqueIdentifier>
      <Extensions>h;hh;hpp;hxx;hm;inl;inc;xsd</Extensions>
    </Filter>
    <Filter Include="Resource Files">
      <UniqueIdentifier>{67DA6AB6-F800-4c08-8B7A-83BB121AAD01}</UniqueIdentifier>
      <Extensions>rc;ico;cur;bmp;dlg;rc2;rct;bin;rgs;gif;jpg;jpeg;jpe;resx;tiff;tif;png;wav;mfcribbon-ms</Extensions>
    </Filter>
    <Filter Include="Quests">
      <UniqueIdentifier>{682397b2-323d-48a9-9bab-078784686a84}</UniqueIdentifier>
    </Filter>
    <Filter Include="Aip">
      <UniqueIdentifier>{9467825a-3103-4e39-854a-1a8f4bd8981e}</UniqueIdentifier>
    </Filter>
  </ItemGroup>
  <ItemGroup>
    <ClInclude Include="character.h">
      <Filter>Header Files</Filter>
    </ClInclude>
    <ClInclude Include="chartype.h">
      <Filter>Header Files</Filter>
    </ClInclude>
    <ClInclude Include="datatypes.h">
      <Filter>Header Files</Filter>
    </ClInclude>
    <ClInclude Include="party.h">
      <Filter>Header Files</Filter>
    </ClInclude>
    <ClInclude Include="player.h">
      <Filter>Header Files</Filter>
    </ClInclude>
    <ClInclude Include="stbhandler.h">
      <Filter>Header Files</Filter>
    </ClInclude>
    <ClInclude Include="strhashing.h">
      <Filter>Header Files</Filter>
    </ClInclude>
    <ClInclude Include="worldmap.h">
      <Filter>Header Files</Filter>
    </ClInclude>
    <ClInclude Include="WorldMonster.h">
      <Filter>Header Files</Filter>
    </ClInclude>
    <ClInclude Include="WorldServer.h">
      <Filter>Header Files</Filter>
    </ClInclude>
    <ClInclude Include="quest\CIntStb.hpp">
      <Filter>Quests</Filter>
    </ClInclude>
    <ClInclude Include="quest\CRoseArray.hpp">
      <Filter>Quests</Filter>
    </ClInclude>
    <ClInclude Include="quest\CRoseFile.hpp">
      <Filter>Quests</Filter>
    </ClInclude>
    <ClInclude Include="quest\CStrStb.hpp">
      <Filter>Quests</Filter>
    </ClInclude>
    <ClInclude Include="quest\QuestActions.h">
      <Filter>Quests</Filter>
    </ClInclude>
    <ClInclude Include="quest\QuestConditions.h">
      <Filter>Quests</Filter>
    </ClInclude>
    <ClInclude Include="quest\QuestTrigger.h">
      <Filter>Quests</Filter>
    </ClInclude>
    <ClInclude Include="aip\AiActions.h">
      <Filter>Aip</Filter>
    </ClInclude>
    <ClInclude Include="aip\AiConditions.h">
      <Filter>Aip</Filter>
    </ClInclude>
    <ClInclude Include="aip\Aip.h">
      <Filter>Aip</Filter>
    </ClInclude>
  </ItemGroup>
  <ItemGroup>
    <ClCompile Include="battle.cpp">
      <Filter>Source Files</Filter>
    </ClCompile>
    <ClCompile Include="Buff.cpp">
      <Filter>Source Files</Filter>
    </ClCompile>
    <ClCompile Include="character.cpp">
      <Filter>Source Files</Filter>
    </ClCompile>
    <ClCompile Include="charevent.cpp">
      <Filter>Source Files</Filter>
    </ClCompile>
    <ClCompile Include="charfunctions.cpp">
      <Filter>Source Files</Filter>
    </ClCompile>
    <ClCompile Include="charstats.cpp">
      <Filter>Source Files</Filter>
    </ClCompile>
    <ClCompile Include="clan.cpp">
      <Filter>Source Files</Filter>
    </ClCompile>
    <ClCompile Include="extrafunctions.cpp">
      <Filter>Source Files</Filter>
    </ClCompile>
    <ClCompile Include="gmcmds.cpp">
      <Filter>Source Files</Filter>
    </ClCompile>
    <ClCompile Include="itemdata.cpp">
      <Filter>Source Files</Filter>
    </ClCompile>
    <ClCompile Include="main.cpp">
      <Filter>Source Files</Filter>
    </ClCompile>
    <ClCompile Include="MainProcess.cpp">
      <Filter>Source Files</Filter>
    </ClCompile>
    <ClCompile Include="mapfunctions.cpp">
      <Filter>Source Files</Filter>
    </ClCompile>
    <ClCompile Include="Monster.cpp">
      <Filter>Source Files</Filter>
    </ClCompile>
    <ClCompile Include="MonsterEvents.cpp">
      <Filter>Source Files</Filter>
    </ClCompile>
    <ClCompile Include="monsterfunctions.cpp">
      <Filter>Source Files</Filter>
    </ClCompile>
    <ClCompile Include="MonsterStats.cpp">
      <Filter>Source Files</Filter>
    </ClCompile>
    <ClCompile Include="Party.cpp">
      <Filter>Source Files</Filter>
    </ClCompile>
    <ClCompile Include="partyfunctions.cpp">
      <Filter>Source Files</Filter>
    </ClCompile>
    <ClCompile Include="player.cpp">
      <Filter>Source Files</Filter>
    </ClCompile>
    <ClCompile Include="playerdata.cpp">
      <Filter>Source Files</Filter>
    </ClCompile>
    <ClCompile Include="playerfunctions.cpp">
      <Filter>Source Files</Filter>
    </ClCompile>
    <ClCompile Include="playerquest.cpp">
      <Filter>Source Files</Filter>
    </ClCompile>
    <ClCompile Include="playerstats.cpp">
      <Filter>Source Files</Filter>
    </ClCompile>
    <ClCompile Include="ServerFunctions.cpp">
      <Filter>Source Files</Filter>
    </ClCompile>
    <ClCompile Include="startup.cpp">
      <Filter>Source Files</Filter>
    </ClCompile>
    <ClCompile Include="stbhandler.cpp">
      <Filter>Source Files</Filter>
    </ClCompile>
    <ClCompile Include="strhashing.cpp">
      <Filter>Source Files</Filter>
    </ClCompile>
    <ClCompile Include="worldmap.cpp">
      <Filter>Source Files</Filter>
    </ClCompile>
    <ClCompile Include="WorldMonster.cpp">
      <Filter>Source Files</Filter>
    </ClCompile>
    <ClCompile Include="worldpackets.cpp">
      <Filter>Source Files</Filter>
    </ClCompile>
    <ClCompile Include="Worldprocess.cpp">
      <Filter>Source Files</Filter>
    </ClCompile>
    <ClCompile Include="worldserver.cpp">
      <Filter>Source Files</Filter>
    </ClCompile>
    <ClCompile Include="quest\QuestActions.cpp">
      <Filter>Quests</Filter>
    </ClCompile>
    <ClCompile Include="quest\QuestConditions.cpp">
      <Filter>Quests</Filter>
    </ClCompile>
    <ClCompile Include="quest\Quests.cpp">
      <Filter>Quests</Filter>
    </ClCompile>
    <ClCompile Include="aip\AiActions.cpp">
      <Filter>Aip</Filter>
    </ClCompile>
    <ClCompile Include="aip\AiConditions.cpp">
      <Filter>Aip</Filter>
    </ClCompile>
    <ClCompile Include="aip\Aip.cpp">
      <Filter>Aip</Filter>
    </ClCompile>
  </ItemGroup>
</Project>